
Microsoft Visual Studio Solution File, Format Version 12.00
# Visual Studio Version 16
VisualStudioVersion = 16.0.31005.135
MinimumVisualStudioVersion = 10.0.40219.1
Project("{FAE04EC0-301F-11D3-BF4B-00C04F79EFBC}") = "MNB_Week06", "MNB_Week06\MNB_Week06.csproj", "{ED15D668-CD8D-4ADC-BEA1-D001F76FF2D7}"
EndProject
Global
	GlobalSection(SolutionConfigurationPlatforms) = preSolution
		Debug|Any CPU = Debug|Any CPU
		Release|Any CPU = Release|Any CPU
	EndGlobalSection
	GlobalSection(ProjectConfigurationPlatforms) = postSolution
		{ED15D668-CD8D-4ADC-BEA1-D001F76FF2D7}.Debug|Any CPU.ActiveCfg = Debug|Any CPU
		{ED15D668-CD8D-4ADC-BEA1-D001F76FF2D7}.Debug|Any CPU.Build.0 = Debug|Any CPU
		{ED15D668-CD8D-4ADC-BEA1-D001F76FF2D7}.Release|Any CPU.ActiveCfg = Release|Any CPU
		{ED15D668-CD8D-4ADC-BEA1-D001F76FF2D7}.Release|Any CPU.Build.0 = Release|Any CPU
	EndGlobalSection
	GlobalSection(SolutionProperties) = preSolution
		HideSolutionNode = FALSE
	EndGlobalSection
	GlobalSection(ExtensibilityGlobals) = postSolution
		SolutionGuid = {229707FE-0E24-40FA-9A97-D988D71A359A}
	EndGlobalSection
EndGlobal
